
Microsoft Visual Studio Solution File, Format Version 12.00
# Visual Studio 14
VisualStudioVersion = 14.0.25420.1
MinimumVisualStudioVersion = 10.0.40219.1
Project("{FAE04EC0-301F-11D3-BF4B-00C04F79EFBC}") = "DAL", "DAL\DAL.csproj", "{236E7D2E-F8DC-417E-97E5-0703349324CE}"
EndProject
Project("{FAE04EC0-301F-11D3-BF4B-00C04F79EFBC}") = "BLL", "BLL\BLL.csproj", "{FE223CC6-7ECA-431C-9CA4-16DC9F09BC42}"
EndProject
Project("{FAE04EC0-301F-11D3-BF4B-00C04F79EFBC}") = "Model", "Model\Model.csproj", "{1A604366-DBD8-4A58-8E95-D52A53B5F7A8}"
EndProject
Project("{FAE04EC0-301F-11D3-BF4B-00C04F79EFBC}") = "View", "View\View.csproj", "{FF958C45-E601-4D09-B199-2E8041C92F32}"
EndProject
Global
	GlobalSection(SolutionConfigurationPlatforms) = preSolution
		Debug|Any CPU = Debug|Any CPU
		Release|Any CPU = Release|Any CPU
	EndGlobalSection
	GlobalSection(ProjectConfigurationPlatforms) = postSolution
		{236E7D2E-F8DC-417E-97E5-0703349324CE}.Debug|Any CPU.ActiveCfg = Debug|Any CPU
		{236E7D2E-F8DC-417E-97E5-0703349324CE}.Debug|Any CPU.Build.0 = Debug|Any CPU
		{236E7D2E-F8DC-417E-97E5-0703349324CE}.Release|Any CPU.ActiveCfg = Release|Any CPU
		{236E7D2E-F8DC-417E-97E5-0703349324CE}.Release|Any CPU.Build.0 = Release|Any CPU
		{FE223CC6-7ECA-431C-9CA4-16DC9F09BC42}.Debug|Any CPU.ActiveCfg = Debug|Any CPU
		{FE223CC6-7ECA-431C-9CA4-16DC9F09BC42}.Debug|Any CPU.Build.0 = Debug|Any CPU
		{FE223CC6-7ECA-431C-9CA4-16DC9F09BC42}.Release|Any CPU.ActiveCfg = Release|Any CPU
		{FE223CC6-7ECA-431C-9CA4-16DC9F09BC42}.Release|Any CPU.Build.0 = Release|Any CPU
		{1A604366-DBD8-4A58-8E95-D52A53B5F7A8}.Debug|Any CPU.ActiveCfg = Debug|Any CPU
		{1A604366-DBD8-4A58-8E95-D52A53B5F7A8}.Debug|Any CPU.Build.0 = Debug|Any CPU
		{1A604366-DBD8-4A58-8E95-D52A53B5F7A8}.Release|Any CPU.ActiveCfg = Release|Any CPU
		{1A604366-DBD8-4A58-8E95-D52A53B5F7A8}.Release|Any CPU.Build.0 = Release|Any CPU
		{FF958C45-E601-4D09-B199-2E8041C92F32}.Debug|Any CPU.ActiveCfg = Debug|Any CPU
		{FF958C45-E601-4D09-B199-2E8041C92F32}.Debug|Any CPU.Build.0 = Debug|Any CPU
		{FF958C45-E601-4D09-B199-2E8041C92F32}.Release|Any CPU.ActiveCfg = Release|Any CPU
		{FF958C45-E601-4D09-B199-2E8041C92F32}.Release|Any CPU.Build.0 = Release|Any CPU
	EndGlobalSection
	GlobalSection(SolutionProperties) = preSolution
		HideSolutionNode = FALSE
	EndGlobalSection
EndGlobal
